// !$*UTF8*$!
{
	archiveVersion = 1;
	classes = {
	};
	objectVersion = 77;
	objects = {

/* Begin PBXContainerItemProxy section */
		8257831B2CBD4C68008213A4 /* PBXContainerItemProxy */ = {
			isa = PBXContainerItemProxy;
			containerPortal = 825783022CBD4C66008213A4 /* Project object */;
			proxyType = 1;
			remoteGlobalIDString = 825783092CBD4C66008213A4;
			remoteInfo = ProjectTAG2;
		};
		825783252CBD4C68008213A4 /* PBXContainerItemProxy */ = {
			isa = PBXContainerItemProxy;
			containerPortal = 825783022CBD4C66008213A4 /* Project object */;
			proxyType = 1;
			remoteGlobalIDString = 825783092CBD4C66008213A4;
			remoteInfo = ProjectTAG2;
		};
/* End PBXContainerItemProxy section */

/* Begin PBXFileReference section */
		8257830A2CBD4C66008213A4 /* ProjectTAG2.app */ = {isa = PBXFileReference; explicitFileType = wrapper.application; includeInIndex = 0; path = ProjectTAG2.app; sourceTree = BUILT_PRODUCTS_DIR; };
		8257831A2CBD4C68008213A4 /* ProjectTAG2Tests.xctest */ = {isa = PBXFileReference; explicitFileType = wrapper.cfbundle; includeInIndex = 0; path = ProjectTAG2Tests.xctest; sourceTree = BUILT_PRODUCTS_DIR; };
		825783242CBD4C68008213A4 /* ProjectTAG2UITests.xctest */ = {isa = PBXFileReference; explicitFileType = wrapper.cfbundle; includeInIndex = 0; path = ProjectTAG2UITests.xctest; sourceTree = BUILT_PRODUCTS_DIR; };
/* End PBXFileReference section */

/* Begin PBXFileSystemSynchronizedRootGroup section */
		8257830C2CBD4C66008213A4 /* ProjectTAG2 */ = {
			isa = PBXFileSystemSynchronizedRootGroup;
			path = ProjectTAG2;
			sourceTree = "<group>";
		};
		8257831D2CBD4C68008213A4 /* ProjectTAG2Tests */ = {
			isa = PBXFileSystemSynchronizedRootGroup;
			path = ProjectTAG2Tests;
			sourceTree = "<group>";
		};
		825783272CBD4C68008213A4 /* ProjectTAG2UITests */ = {
			isa = PBXFileSystemSynchronizedRootGroup;
			path = ProjectTAG2UITests;
			sourceTree = "<group>";
		};
/* End PBXFileSystemSynchronizedRootGroup section */

/* Begin PBXFrameworksBuildPhase section */
		825783072CBD4C66008213A4 /* Frameworks */ = {
			isa = PBXFrameworksBuildPhase;
			buildActionMask = 2147483647;
			files = (
			);
			runOnlyForDeploymentPostprocessing = 0;
		};
		825783172CBD4C68008213A4 /* Frameworks */ = {
			isa = PBXFrameworksBuildPhase;
			buildActionMask = 2147483647;
			files = (
			);
			runOnlyForDeploymentPostprocessing = 0;
		};
		825783212CBD4C68008213A4 /* Frameworks */ = {
			isa = PBXFrameworksBuildPhase;
			buildActionMask = 2147483647;
			files = (
			);
			runOnlyForDeploymentPostprocessing = 0;
		};
/* End PBXFrameworksBuildPhase section */

/* Begin PBXGroup section */
		825783012CBD4C66008213A4 = {
			isa = PBXGroup;
			children = (
				8257830C2CBD4C66008213A4 /* ProjectTAG2 */,
				8257831D2CBD4C68008213A4 /* ProjectTAG2Tests */,
				825783272CBD4C68008213A4 /* ProjectTAG2UITests */,
				8257830B2CBD4C66008213A4 /* Products */,
			);
			sourceTree = "<group>";
		};
		8257830B2CBD4C66008213A4 /* Products */ = {
			isa = PBXGroup;
			children = (
				8257830A2CBD4C66008213A4 /* ProjectTAG2.app */,
				8257831A2CBD4C68008213A4 /* ProjectTAG2Tests.xctest */,
				825783242CBD4C68008213A4 /* ProjectTAG2UITests.xctest */,
			);
			name = Products;
			sourceTree = "<group>";
		};
/* End PBXGroup section */

/* Begin PBXNativeTarget section */
		825783092CBD4C66008213A4 /* ProjectTAG2 */ = {
			isa = PBXNativeTarget;
			buildConfigurationList = 8257832E2CBD4C68008213A4 /* Build configuration list for PBXNativeTarget "ProjectTAG2" */;
			buildPhases = (
				825783062CBD4C66008213A4 /* Sources */,
				825783072CBD4C66008213A4 /* Frameworks */,
				825783082CBD4C66008213A4 /* Resources */,
			);
			buildRules = (
			);
			dependencies = (
			);
			fileSystemSynchronizedGroups = (
				8257830C2CBD4C66008213A4 /* ProjectTAG2 */,
			);
			name = ProjectTAG2;
			packageProductDependencies = (
			);
			productName = ProjectTAG2;
			productReference = 8257830A2CBD4C66008213A4 /* ProjectTAG2.app */;
			productType = "com.apple.product-type.application";
		};
		825783192CBD4C68008213A4 /* ProjectTAG2Tests */ = {
			isa = PBXNativeTarget;
			buildConfigurationList = 825783312CBD4C68008213A4 /* Build configuration list for PBXNativeTarget "ProjectTAG2Tests" */;
			buildPhases = (
				825783162CBD4C68008213A4 /* Sources */,
				825783172CBD4C68008213A4 /* Frameworks */,
				825783182CBD4C68008213A4 /* Resources */,
			);
			buildRules = (
			);
			dependencies = (
				8257831C2CBD4C68008213A4 /* PBXTargetDependency */,
			);
			fileSystemSynchronizedGroups = (
				8257831D2CBD4C68008213A4 /* ProjectTAG2Tests */,
			);
			name = ProjectTAG2Tests;
			packageProductDependencies = (
			);
			productName = ProjectTAG2Tests;
			productReference = 8257831A2CBD4C68008213A4 /* ProjectTAG2Tests.xctest */;
			productType = "com.apple.product-type.bundle.unit-test";
		};
		825783232CBD4C68008213A4 /* ProjectTAG2UITests */ = {
			isa = PBXNativeTarget;
			buildConfigurationList = 825783342CBD4C68008213A4 /* Build configuration list for PBXNativeTarget "ProjectTAG2UITests" */;
			buildPhases = (
				825783202CBD4C68008213A4 /* Sources */,
				825783212CBD4C68008213A4 /* Frameworks */,
				825783222CBD4C68008213A4 /* Resources */,
			);
			buildRules = (
			);
			dependencies = (
				825783262CBD4C68008213A4 /* PBXTargetDependency */,
			);
			fileSystemSynchronizedGroups = (
				825783272CBD4C68008213A4 /* ProjectTAG2UITests */,
			);
			name = ProjectTAG2UITests;
			packageProductDependencies = (
			);
			productName = ProjectTAG2UITests;
			productReference = 825783242CBD4C68008213A4 /* ProjectTAG2UITests.xctest */;
			productType = "com.apple.product-type.bundle.ui-testing";
		};
/* End PBXNativeTarget section */

/* Begin PBXProject section */
		825783022CBD4C66008213A4 /* Project object */ = {
			isa = PBXProject;
			attributes = {
				BuildIndependentTargetsInParallel = 1;
				LastSwiftUpdateCheck = 1600;
				LastUpgradeCheck = 1600;
				TargetAttributes = {
					825783092CBD4C66008213A4 = {
						CreatedOnToolsVersion = 16.0;
					};
					825783192CBD4C68008213A4 = {
						CreatedOnToolsVersion = 16.0;
						TestTargetID = 825783092CBD4C66008213A4;
					};
					825783232CBD4C68008213A4 = {
						CreatedOnToolsVersion = 16.0;
						TestTargetID = 825783092CBD4C66008213A4;
					};
				};
			};
			buildConfigurationList = 825783052CBD4C66008213A4 /* Build configuration list for PBXProject "ProjectTAG2" */;
			developmentRegion = en;
			hasScannedForEncodings = 0;
			knownRegions = (
				en,
				Base,
			);
			mainGroup = 825783012CBD4C66008213A4;
			minimizedProjectReferenceProxies = 1;
			preferredProjectObjectVersion = 77;
			productRefGroup = 8257830B2CBD4C66008213A4 /* Products */;
			projectDirPath = "";
			projectRoot = "";
			targets = (
				825783092CBD4C66008213A4 /* ProjectTAG2 */,
				825783192CBD4C68008213A4 /* ProjectTAG2Tests */,
				825783232CBD4C68008213A4 /* ProjectTAG2UITests */,
			);
		};
/* End PBXProject section */

/* Begin PBXResourcesBuildPhase section */
		825783082CBD4C66008213A4 /* Resources */ = {
			isa = PBXResourcesBuildPhase;
			buildActionMask = 2147483647;
			files = (
			);
			runOnlyForDeploymentPostprocessing = 0;
		};
		825783182CBD4C68008213A4 /* Resources */ = {
			isa = PBXResourcesBuildPhase;
			buildActionMask = 2147483647;
			files = (
			);
			runOnlyForDeploymentPostprocessing = 0;
		};
		825783222CBD4C68008213A4 /* Resources */ = {
			isa = PBXResourcesBuildPhase;
			buildActionMask = 2147483647;
			files = (
			);
			runOnlyForDeploymentPostprocessing = 0;
		};
/* End PBXResourcesBuildPhase section */

/* Begin PBXSourcesBuildPhase section */
		825783062CBD4C66008213A4 /* Sources */ = {
			isa = PBXSourcesBuildPhase;
			buildActionMask = 2147483647;
			files = (
			);
			runOnlyForDeploymentPostprocessing = 0;
		};
		825783162CBD4C68008213A4 /* Sources */ = {
			isa = PBXSourcesBuildPhase;
			buildActionMask = 2147483647;
			files = (
			);
			runOnlyForDeploymentPostprocessing = 0;
		};
		825783202CBD4C68008213A4 /* Sources */ = {
			isa = PBXSourcesBuildPhase;
			buildActionMask = 2147483647;
			files = (
			);
			runOnlyForDeploymentPostprocessing = 0;
		};
/* End PBXSourcesBuildPhase section */

/* Begin PBXTargetDependency section */
		8257831C2CBD4C68008213A4 /* PBXTargetDependency */ = {
			isa = PBXTargetDependency;
			target = 825783092CBD4C66008213A4 /* ProjectTAG2 */;
			targetProxy = 8257831B2CBD4C68008213A4 /* PBXContainerItemProxy */;
		};
		825783262CBD4C68008213A4 /* PBXTargetDependency */ = {
			isa = PBXTargetDependency;
			target = 825783092CBD4C66008213A4 /* ProjectTAG2 */;
			targetProxy = 825783252CBD4C68008213A4 /* PBXContainerItemProxy */;
		};
/* End PBXTargetDependency section */

/* Begin XCBuildConfiguration section */
		8257832C2CBD4C68008213A4 /* Debug */ = {
			isa = XCBuildConfiguration;
			buildSettings = {
				ALWAYS_SEARCH_USER_PATHS = NO;
				ASSETCATALOG_COMPILER_GENERATE_SWIFT_ASSET_SYMBOL_EXTENSIONS = YES;
				CLANG_ANALYZER_NONNULL = YES;
				CLANG_ANALYZER_NUMBER_OBJECT_CONVERSION = YES_AGGRESSIVE;
				CLANG_CXX_LANGUAGE_STANDARD = "gnu++20";
				CLANG_ENABLE_MODULES = YES;
				CLANG_ENABLE_OBJC_ARC = YES;
				CLANG_ENABLE_OBJC_WEAK = YES;
				CLANG_WARN_BLOCK_CAPTURE_AUTORELEASING = YES;
				CLANG_WARN_BOOL_CONVERSION = YES;
				CLANG_WARN_COMMA = YES;
				CLANG_WARN_CONSTANT_CONVERSION = YES;
				CLANG_WARN_DEPRECATED_OBJC_IMPLEMENTATIONS = YES;
				CLANG_WARN_DIRECT_OBJC_ISA_USAGE = YES_ERROR;
				CLANG_WARN_DOCUMENTATION_COMMENTS = YES;
				CLANG_WARN_EMPTY_BODY = YES;
				CLANG_WARN_ENUM_CONVERSION = YES;
				CLANG_WARN_INFINITE_RECURSION = YES;
				CLANG_WARN_INT_CONVERSION = YES;
				CLANG_WARN_NON_LITERAL_NULL_CONVERSION = YES;
				CLANG_WARN_OBJC_IMPLICIT_RETAIN_SELF = YES;
				CLANG_WARN_OBJC_LITERAL_CONVERSION = YES;
				CLANG_WARN_OBJC_ROOT_CLASS = YES_ERROR;
				CLANG_WARN_QUOTED_INCLUDE_IN_FRAMEWORK_HEADER = YES;
				CLANG_WARN_RANGE_LOOP_ANALYSIS = YES;
				CLANG_WARN_STRICT_PROTOTYPES = YES;
				CLANG_WARN_SUSPICIOUS_MOVE = YES;
				CLANG_WARN_UNGUARDED_AVAILABILITY = YES_AGGRESSIVE;
				CLANG_WARN_UNREACHABLE_CODE = YES;
				CLANG_WARN__DUPLICATE_METHOD_MATCH = YES;
				COPY_PHASE_STRIP = NO;
				DEBUG_INFORMATION_FORMAT = dwarf;
				ENABLE_STRICT_OBJC_MSGSEND = YES;
				ENABLE_TESTABILITY = YES;
				ENABLE_USER_SCRIPT_SANDBOXING = YES;
				GCC_C_LANGUAGE_STANDARD = gnu17;
				GCC_DYNAMIC_NO_PIC = NO;
				GCC_NO_COMMON_BLOCKS = YES;
				GCC_OPTIMIZATION_LEVEL = 0;
				GCC_PREPROCESSOR_DEFINITIONS = (
					"DEBUG=1",
					"$(inherited)",
				);
				GCC_WARN_64_TO_32_BIT_CONVERSION = YES;
				GCC_WARN_ABOUT_RETURN_TYPE = YES_ERROR;
				GCC_WARN_UNDECLARED_SELECTOR = YES;
				GCC_WARN_UNINITIALIZED_AUTOS = YES_AGGRESSIVE;
				GCC_WARN_UNUSED_FUNCTION = YES;
				GCC_WARN_UNUSED_VARIABLE = YES;
				IPHONEOS_DEPLOYMENT_TARGET = 18.0;
				LOCALIZATION_PREFERS_STRING_CATALOGS = YES;
				MTL_ENABLE_DEBUG_INFO = INCLUDE_SOURCE;
				MTL_FAST_MATH = YES;
				ONLY_ACTIVE_ARCH = YES;
				SDKROOT = iphoneos;
				SWIFT_ACTIVE_COMPILATION_CONDITIONS = "DEBUG $(inherited)";
				SWIFT_OPTIMIZATION_LEVEL = "-Onone";
			};
			name = Debug;
		};
		8257832D2CBD4C68008213A4 /* Release */ = {
			isa = XCBuildConfiguration;
			buildSettings = {
				ALWAYS_SEARCH_USER_PATHS = NO;
				ASSETCATALOG_COMPILER_GENERATE_SWIFT_ASSET_SYMBOL_EXTENSIONS = YES;
				CLANG_ANALYZER_NONNULL = YES;
				CLANG_ANALYZER_NUMBER_OBJECT_CONVERSION = YES_AGGRESSIVE;
				CLANG_CXX_LANGUAGE_STANDARD = "gnu++20";
				CLANG_ENABLE_MODULES = YES;
				CLANG_ENABLE_OBJC_ARC = YES;
				CLANG_ENABLE_OBJC_WEAK = YES;
				CLANG_WARN_BLOCK_CAPTURE_AUTORELEASING = YES;
				CLANG_WARN_BOOL_CONVERSION = YES;
				CLANG_WARN_COMMA = YES;
				CLANG_WARN_CONSTANT_CONVERSION = YES;
				CLANG_WARN_DEPRECATED_OBJC_IMPLEMENTATIONS = YES;
				CLANG_WARN_DIRECT_OBJC_ISA_USAGE = YES_ERROR;
				CLANG_WARN_DOCUMENTATION_COMMENTS = YES;
				CLANG_WARN_EMPTY_BODY = YES;
				CLANG_WARN_ENUM_CONVERSION = YES;
				CLANG_WARN_INFINITE_RECURSION = YES;
				CLANG_WARN_INT_CONVERSION = YES;
				CLANG_WARN_NON_LITERAL_NULL_CONVERSION = YES;
				CLANG_WARN_OBJC_IMPLICIT_RETAIN_SELF = YES;
				CLANG_WARN_OBJC_LITERAL_CONVERSION = YES;
				CLANG_WARN_OBJC_ROOT_CLASS = YES_ERROR;
				CLANG_WARN_QUOTED_INCLUDE_IN_FRAMEWORK_HEADER = YES;
				CLANG_WARN_RANGE_LOOP_ANALYSIS = YES;
				CLANG_WARN_STRICT_PROTOTYPES = YES;
				CLANG_WARN_SUSPICIOUS_MOVE = YES;
				CLANG_WARN_UNGUARDED_AVAILABILITY = YES_AGGRESSIVE;
				CLANG_WARN_UNREACHABLE_CODE = YES;
				CLANG_WARN__DUPLICATE_METHOD_MATCH = YES;
				COPY_PHASE_STRIP = NO;
				DEBUG_INFORMATION_FORMAT = "dwarf-with-dsym";
				ENABLE_NS_ASSERTIONS = NO;
				ENABLE_STRICT_OBJC_MSGSEND = YES;
				ENABLE_USER_SCRIPT_SANDBOXING = YES;
				GCC_C_LANGUAGE_STANDARD = gnu17;
				GCC_NO_COMMON_BLOCKS = YES;
				GCC_WARN_64_TO_32_BIT_CONVERSION = YES;
				GCC_WARN_ABOUT_RETURN_TYPE = YES_ERROR;
				GCC_WARN_UNDECLARED_SELECTOR = YES;
				GCC_WARN_UNINITIALIZED_AUTOS = YES_AGGRESSIVE;
				GCC_WARN_UNUSED_FUNCTION = YES;
				GCC_WARN_UNUSED_VARIABLE = YES;
				IPHONEOS_DEPLOYMENT_TARGET = 18.0;
				LOCALIZATION_PREFERS_STRING_CATALOGS = YES;
				MTL_ENABLE_DEBUG_INFO = NO;
				MTL_FAST_MATH = YES;
				SDKROOT = iphoneos;
				SWIFT_COMPILATION_MODE = wholemodule;
				VALIDATE_PRODUCT = YES;
			};
			name = Release;
		};
		8257832F2CBD4C68008213A4 /* Debug */ = {
			isa = XCBuildConfiguration;
			buildSettings = {
				ASSETCATALOG_COMPILER_APPICON_NAME = AppIcon;
				ASSETCATALOG_COMPILER_GLOBAL_ACCENT_COLOR_NAME = AccentColor;
				CODE_SIGN_STYLE = Automatic;
				CURRENT_PROJECT_VERSION = 1;
				DEVELOPMENT_ASSET_PATHS = "\"ProjectTAG2/Preview Content\"";
				DEVELOPMENT_TEAM = R28UD9U8M7;
				ENABLE_PREVIEWS = YES;
				GENERATE_INFOPLIST_FILE = YES;
				INFOPLIST_KEY_UIApplicationSceneManifest_Generation = YES;
				INFOPLIST_KEY_UIApplicationSupportsIndirectInputEvents = YES;
				INFOPLIST_KEY_UILaunchScreen_Generation = YES;
				INFOPLIST_KEY_UISupportedInterfaceOrientations_iPad = "UIInterfaceOrientationPortrait UIInterfaceOrientationPortraitUpsideDown UIInterfaceOrientationLandscapeLeft UIInterfaceOrientationLandscapeRight";
				INFOPLIST_KEY_UISupportedInterfaceOrientations_iPhone = "UIInterfaceOrientationPortrait UIInterfaceOrientationLandscapeLeft UIInterfaceOrientationLandscapeRight";
				LD_RUNPATH_SEARCH_PATHS = (
					"$(inherited)",
					"@executable_path/Frameworks",
				);
				MARKETING_VERSION = 1.0;
				PRODUCT_BUNDLE_IDENTIFIER = univ.keio.ProjectTAG2;
				PRODUCT_NAME = "$(TARGET_NAME)";
				SWIFT_EMIT_LOC_STRINGS = YES;
				SWIFT_VERSION = 5.0;
				TARGETED_DEVICE_FAMILY = "1,2";
			};
			name = Debug;
		};
		825783302CBD4C68008213A4 /* Release */ = {
			isa = XCBuildConfiguration;
			buildSettings = {
				ASSETCATALOG_COMPILER_APPICON_NAME = AppIcon;
				ASSETCATALOG_COMPILER_GLOBAL_ACCENT_COLOR_NAME = AccentColor;
				CODE_SIGN_STYLE = Automatic;
				CURRENT_PROJECT_VERSION = 1;
				DEVELOPMENT_ASSET_PATHS = "\"ProjectTAG2/Preview Content\"";
				DEVELOPMENT_TEAM = R28UD9U8M7;
				ENABLE_PREVIEWS = YES;
				GENERATE_INFOPLIST_FILE = YES;
				INFOPLIST_KEY_UIApplicationSceneManifest_Generation = YES;
				INFOPLIST_KEY_UIApplicationSupportsIndirectInputEvents = YES;
				INFOPLIST_KEY_UILaunchScreen_Generation = YES;
				INFOPLIST_KEY_UISupportedInterfaceOrientations_iPad = "UIInterfaceOrientationPortrait UIInterfaceOrientationPortraitUpsideDown UIInterfaceOrientationLandscapeLeft UIInterfaceOrientationLandscapeRight";
				INFOPLIST_KEY_UISupportedInterfaceOrientations_iPhone = "UIInterfaceOrientationPortrait UIInterfaceOrientationLandscapeLeft UIInterfaceOrientationLandscapeRight";
				LD_RUNPATH_SEARCH_PATHS = (
					"$(inherited)",
					"@executable_path/Frameworks",
				);
				MARKETING_VERSION = 1.0;
				PRODUCT_BUNDLE_IDENTIFIER = univ.keio.ProjectTAG2;
				PRODUCT_NAME = "$(TARGET_NAME)";
				SWIFT_EMIT_LOC_STRINGS = YES;
				SWIFT_VERSION = 5.0;
				TARGETED_DEVICE_FAMILY = "1,2";
			};
			name = Release;
		};
		825783322CBD4C68008213A4 /* Debug */ = {
			isa = XCBuildConfiguration;
			buildSettings = {
				BUNDLE_LOADER = "$(TEST_HOST)";
				CODE_SIGN_STYLE = Automatic;
				CURRENT_PROJECT_VERSION = 1;
				DEVELOPMENT_TEAM = R28UD9U8M7;
				GENERATE_INFOPLIST_FILE = YES;
				IPHONEOS_DEPLOYMENT_TARGET = 18.0;
				MARKETING_VERSION = 1.0;
				PRODUCT_BUNDLE_IDENTIFIER = univ.keio.ProjectTAG2Tests;
				PRODUCT_NAME = "$(TARGET_NAME)";
				SWIFT_EMIT_LOC_STRINGS = NO;
				SWIFT_VERSION = 5.0;
				TARGETED_DEVICE_FAMILY = "1,2";
				TEST_HOST = "$(BUILT_PRODUCTS_DIR)/ProjectTAG2.app/$(BUNDLE_EXECUTABLE_FOLDER_PATH)/ProjectTAG2";
			};
			name = Debug;
		};
		825783332CBD4C68008213A4 /* Release */ = {
			isa = XCBuildConfiguration;
			buildSettings = {
				BUNDLE_LOADER = "$(TEST_HOST)";
				CODE_SIGN_STYLE = Automatic;
				CURRENT_PROJECT_VERSION = 1;
				DEVELOPMENT_TEAM = R28UD9U8M7;
				GENERATE_INFOPLIST_FILE = YES;
				IPHONEOS_DEPLOYMENT_TARGET = 18.0;
				MARKETING_VERSION = 1.0;
				PRODUCT_BUNDLE_IDENTIFIER = univ.keio.ProjectTAG2Tests;
				PRODUCT_NAME = "$(TARGET_NAME)";
				SWIFT_EMIT_LOC_STRINGS = NO;
				SWIFT_VERSION = 5.0;
				TARGETED_DEVICE_FAMILY = "1,2";
				TEST_HOST = "$(BUILT_PRODUCTS_DIR)/ProjectTAG2.app/$(BUNDLE_EXECUTABLE_FOLDER_PATH)/ProjectTAG2";
			};
			name = Release;
		};
		825783352CBD4C68008213A4 /* Debug */ = {
			isa = XCBuildConfiguration;
			buildSettings = {
				CODE_SIGN_STYLE = Automatic;
				CURRENT_PROJECT_VERSION = 1;
				DEVELOPMENT_TEAM = R28UD9U8M7;
				GENERATE_INFOPLIST_FILE = YES;
				MARKETING_VERSION = 1.0;
				PRODUCT_BUNDLE_IDENTIFIER = univ.keio.ProjectTAG2UITests;
				PRODUCT_NAME = "$(TARGET_NAME)";
				SWIFT_EMIT_LOC_STRINGS = NO;
				SWIFT_VERSION = 5.0;
				TARGETED_DEVICE_FAMILY = "1,2";
				TEST_TARGET_NAME = ProjectTAG2;
			};
			name = Debug;
		};
		825783362CBD4C68008213A4 /* Release */ = {
			isa = XCBuildConfiguration;
			buildSettings = {
				CODE_SIGN_STYLE = Automatic;
				CURRENT_PROJECT_VERSION = 1;
				DEVELOPMENT_TEAM = R28UD9U8M7;
				GENERATE_INFOPLIST_FILE = YES;
				MARKETING_VERSION = 1.0;
				PRODUCT_BUNDLE_IDENTIFIER = univ.keio.ProjectTAG2UITests;
				PRODUCT_NAME = "$(TARGET_NAME)";
				SWIFT_EMIT_LOC_STRINGS = NO;
				SWIFT_VERSION = 5.0;
				TARGETED_DEVICE_FAMILY = "1,2";
				TEST_TARGET_NAME = ProjectTAG2;
			};
			name = Release;
		};
/* End XCBuildConfiguration section */

/* Begin XCConfigurationList section */
		825783052CBD4C66008213A4 /* Build configuration list for PBXProject "ProjectTAG2" */ = {
			isa = XCConfigurationList;
			buildConfigurations = (
				8257832C2CBD4C68008213A4 /* Debug */,
				8257832D2CBD4C68008213A4 /* Release */,
			);
			defaultConfigurationIsVisible = 0;
			defaultConfigurationName = Release;
		};
		8257832E2CBD4C68008213A4 /* Build configuration list for PBXNativeTarget "ProjectTAG2" */ = {
			isa = XCConfigurationList;
			buildConfigurations = (
				8257832F2CBD4C68008213A4 /* Debug */,
				825783302CBD4C68008213A4 /* Release */,
			);
			defaultConfigurationIsVisible = 0;
			defaultConfigurationName = Release;
		};
		825783312CBD4C68008213A4 /* Build configuration list for PBXNativeTarget "ProjectTAG2Tests" */ = {
			isa = XCConfigurationList;
			buildConfigurations = (
				825783322CBD4C68008213A4 /* Debug */,
				825783332CBD4C68008213A4 /* Release */,
			);
			defaultConfigurationIsVisible = 0;
			defaultConfigurationName = Release;
		};
		825783342CBD4C68008213A4 /* Build configuration list for PBXNativeTarget "ProjectTAG2UITests" */ = {
			isa = XCConfigurationList;
			buildConfigurations = (
				825783352CBD4C68008213A4 /* Debug */,
				825783362CBD4C68008213A4 /* Release */,
			);
			defaultConfigurationIsVisible = 0;
			defaultConfigurationName = Release;
		};
/* End XCConfigurationList section */
	};
	rootObject = 825783022CBD4C66008213A4 /* Project object */;
}
